{
  "version": 4,
  "terraform_version": "0.15.4",
  "serial": 136,
  "lineage": "24ab33c9-b9d6-da1a-5c3d-e775abe3e729",
  "outputs": {
    "webhook": {
      "value": "https://wo82bgsik0.execute-api.us-east-1.amazonaws.com/v1/webhook",
      "type": "string"
    }
  },
  "resources": [
    {
      "mode": "managed",
      "type": "aws_api_gateway_deployment",
      "name": "stage",
      "provider": "provider[\"registry.terraform.io/hashicorp/aws\"]",
      "instances": [
        {
          "schema_version": 0,
          "attributes": {
            "created_date": "2021-11-28T15:44:29Z",
            "description": "",
            "execution_arn": "arn:aws:execute-api:us-east-1:217264062492:wo82bgsik0/v1",
            "id": "o2xhhl",
            "invoke_url": "https://wo82bgsik0.execute-api.us-east-1.amazonaws.com/v1",
            "rest_api_id": "wo82bgsik0",
            "stage_description": null,
            "stage_name": "v1",
            "triggers": null,
            "variables": null
          },
          "sensitive_attributes": [],
          "private": "bnVsbA==",
          "dependencies": [
            "aws_api_gateway_rest_api.api"
          ]
        }
      ]
    },
    {
      "mode": "managed",
      "type": "aws_api_gateway_integration",
      "name": "request_integration",
      "provider": "provider[\"registry.terraform.io/hashicorp/aws\"]",
      "instances": [
        {
          "schema_version": 0,
          "attributes": {
            "cache_key_parameters": [],
            "cache_namespace": "eu24jr",
            "connection_id": "",
            "connection_type": "INTERNET",
            "content_handling": "",
            "credentials": "",
            "http_method": "POST",
            "id": "agi-wo82bgsik0-eu24jr-POST",
            "integration_http_method": "POST",
            "passthrough_behavior": "WHEN_NO_MATCH",
            "request_parameters": {},
            "request_templates": {},
            "resource_id": "eu24jr",
            "rest_api_id": "wo82bgsik0",
            "timeout_milliseconds": 29000,
            "tls_config": [],
            "type": "AWS_PROXY",
            "uri": "arn:aws:apigateway:us-east-1:lambda:path/2015-03-31/functions/arn:aws:lambda:us-east-1:217264062492:function:GitHubWebhookForwarder/invocations"
          },
          "sensitive_attributes": [],
          "private": "bnVsbA==",
          "dependencies": [
            "aws_api_gateway_method.request_method",
            "aws_api_gateway_resource.path",
            "aws_api_gateway_rest_api.api",
            "aws_iam_role.role",
            "aws_lambda_function.lambda"
          ]
        }
      ]
    },
    {
      "mode": "managed",
      "type": "aws_api_gateway_integration_response",
      "name": "response_method_integration",
      "provider": "provider[\"registry.terraform.io/hashicorp/aws\"]",
      "instances": [
        {
          "schema_version": 0,
          "attributes": {
            "content_handling": "",
            "http_method": "POST",
            "id": "agir-wo82bgsik0-eu24jr-POST-200",
            "resource_id": "eu24jr",
            "response_parameters": {},
            "response_templates": {
              "application/json": ""
            },
            "rest_api_id": "wo82bgsik0",
            "selection_pattern": "",
            "status_code": "200"
          },
          "sensitive_attributes": [],
          "private": "bnVsbA==",
          "dependencies": [
            "aws_lambda_function.lambda",
            "aws_api_gateway_integration.request_integration",
            "aws_api_gateway_method.request_method",
            "aws_api_gateway_method_response.response_method",
            "aws_api_gateway_resource.path",
            "aws_api_gateway_rest_api.api",
            "aws_iam_role.role"
          ]
        }
      ]
    },
    {
      "mode": "managed",
      "type": "aws_api_gateway_method",
      "name": "request_method",
      "provider": "provider[\"registry.terraform.io/hashicorp/aws\"]",
      "instances": [
        {
          "schema_version": 0,
          "attributes": {
            "api_key_required": false,
            "authorization": "NONE",
            "authorization_scopes": [],
            "authorizer_id": "",
            "http_method": "POST",
            "id": "agm-wo82bgsik0-eu24jr-POST",
            "operation_name": "",
            "request_models": {},
            "request_parameters": {},
            "request_validator_id": "",
            "resource_id": "eu24jr",
            "rest_api_id": "wo82bgsik0"
          },
          "sensitive_attributes": [],
          "private": "bnVsbA==",
          "dependencies": [
            "aws_api_gateway_resource.path",
            "aws_api_gateway_rest_api.api"
          ]
        }
      ]
    },
    {
      "mode": "managed",
      "type": "aws_api_gateway_method_response",
      "name": "response_method",
      "provider": "provider[\"registry.terraform.io/hashicorp/aws\"]",
      "instances": [
        {
          "schema_version": 0,
          "attributes": {
            "http_method": "POST",
            "id": "agmr-wo82bgsik0-eu24jr-POST-200",
            "resource_id": "eu24jr",
            "response_models": {
              "application/json": "Empty"
            },
            "response_parameters": {},
            "rest_api_id": "wo82bgsik0",
            "status_code": "200"
          },
          "sensitive_attributes": [],
          "private": "bnVsbA==",
          "dependencies": [
            "aws_api_gateway_integration.request_integration",
            "aws_api_gateway_method.request_method",
            "aws_api_gateway_resource.path",
            "aws_api_gateway_rest_api.api",
            "aws_iam_role.role",
            "aws_lambda_function.lambda"
          ]
        }
      ]
    },
    {
      "mode": "managed",
      "type": "aws_api_gateway_resource",
      "name": "path",
      "provider": "provider[\"registry.terraform.io/hashicorp/aws\"]",
      "instances": [
        {
          "schema_version": 0,
          "attributes": {
            "id": "eu24jr",
            "parent_id": "2wp1sahzc3",
            "path": "/webhook",
            "path_part": "webhook",
            "rest_api_id": "wo82bgsik0"
          },
          "sensitive_attributes": [],
          "private": "bnVsbA==",
          "dependencies": [
            "aws_api_gateway_rest_api.api"
          ]
        }
      ]
    },
    {
      "mode": "managed",
      "type": "aws_api_gateway_rest_api",
      "name": "api",
      "provider": "provider[\"registry.terraform.io/hashicorp/aws\"]",
      "instances": [
        {
          "schema_version": 0,
          "attributes": {
            "api_key_source": "HEADER",
            "arn": "arn:aws:apigateway:us-east-1::/restapis/wo82bgsik0",
            "binary_media_types": [],
            "body": null,
            "created_date": "2021-11-28T15:43:58Z",
            "description": "GitHub Webhook forwarder",
            "disable_execute_api_endpoint": false,
            "endpoint_configuration": [
              {
                "types": [
                  "EDGE"
                ],
                "vpc_endpoint_ids": []
              }
            ],
            "execution_arn": "arn:aws:execute-api:us-east-1:217264062492:wo82bgsik0",
            "id": "wo82bgsik0",
            "minimum_compression_size": -1,
            "name": "GitHubWebHookAPI",
            "parameters": null,
            "policy": "",
            "root_resource_id": "2wp1sahzc3",
            "tags": {},
            "tags_all": {}
          },
          "sensitive_attributes": [],
          "private": "bnVsbA=="
        }
      ]
    },
    {
      "mode": "managed",
      "type": "aws_iam_role",
      "name": "role",
      "provider": "provider[\"registry.terraform.io/hashicorp/aws\"]",
      "instances": [
        {
          "schema_version": 0,
          "attributes": {
            "arn": "arn:aws:iam::217264062492:role/GitHubWebhookForwarderRole",
            "assume_role_policy": "{\"Version\":\"2012-10-17\",\"Statement\":[{\"Sid\":\"\",\"Effect\":\"Allow\",\"Principal\":{\"Service\":\"lambda.amazonaws.com\"},\"Action\":\"sts:AssumeRole\"}]}",
            "create_date": "2021-11-28T15:43:57Z",
            "description": "",
            "force_detach_policies": false,
            "id": "GitHubWebhookForwarderRole",
            "inline_policy": [
              {
                "name": "",
                "policy": ""
              }
            ],
            "managed_policy_arns": [],
            "max_session_duration": 3600,
            "name": "GitHubWebhookForwarderRole",
            "name_prefix": "",
            "path": "/",
            "permissions_boundary": null,
            "tags": {},
            "tags_all": {},
            "unique_id": "AROATFFPSQAOJQJ6Y7HXH"
          },
          "sensitive_attributes": [],
          "private": "bnVsbA=="
        }
      ]
    },
    {
      "mode": "managed",
      "type": "aws_lambda_function",
      "name": "lambda",
      "provider": "provider[\"registry.terraform.io/hashicorp/aws\"]",
      "instances": [
        {
          "schema_version": 0,
          "attributes": {
            "architectures": [
              "x86_64"
            ],
            "arn": "arn:aws:lambda:us-east-1:217264062492:function:GitHubWebhookForwarder",
            "code_signing_config_arn": "",
            "dead_letter_config": [],
            "description": "",
            "environment": [
              {
                "variables": {
                  "JENKINS_URL": "https://jenkins.skycomposer.net/github-webhook/"
                }
              }
            ],
            "file_system_config": [],
            "filename": "../deployment.zip",
            "function_name": "GitHubWebhookForwarder",
            "handler": "index.handler",
            "id": "GitHubWebhookForwarder",
            "image_config": [],
            "image_uri": "",
            "invoke_arn": "arn:aws:apigateway:us-east-1:lambda:path/2015-03-31/functions/arn:aws:lambda:us-east-1:217264062492:function:GitHubWebhookForwarder/invocations",
            "kms_key_arn": "",
            "last_modified": "2021-11-28T15:44:15.121+0000",
            "layers": [],
            "memory_size": 128,
            "package_type": "Zip",
            "publish": false,
            "qualified_arn": "arn:aws:lambda:us-east-1:217264062492:function:GitHubWebhookForwarder:$LATEST",
            "reserved_concurrent_executions": -1,
            "role": "arn:aws:iam::217264062492:role/GitHubWebhookForwarderRole",
            "runtime": "nodejs14.x",
            "s3_bucket": null,
            "s3_key": null,
            "s3_object_version": null,
            "signing_job_arn": "",
            "signing_profile_version_arn": "",
            "source_code_hash": "ddsATlVTiKSVzLny7N4CrTfAlf6xHWzOPTCGSHjxjYo=",
            "source_code_size": 1297538,
            "tags": {},
            "tags_all": {},
            "timeout": 10,
            "timeouts": null,
            "tracing_config": [
              {
                "mode": "PassThrough"
              }
            ],
            "version": "$LATEST",
            "vpc_config": []
          },
          "sensitive_attributes": [],
          "private": "eyJlMmJmYjczMC1lY2FhLTExZTYtOGY4OC0zNDM2M2JjN2M0YzAiOnsiY3JlYXRlIjo2MDAwMDAwMDAwMDB9fQ==",
          "dependencies": [
            "aws_iam_role.role"
          ]
        }
      ]
    },
    {
      "mode": "managed",
      "type": "aws_lambda_permission",
      "name": "allow_api_gateway",
      "provider": "provider[\"registry.terraform.io/hashicorp/aws\"]",
      "instances": [
        {
          "schema_version": 0,
          "attributes": {
            "action": "lambda:InvokeFunction",
            "event_source_token": null,
            "function_name": "arn:aws:lambda:us-east-1:217264062492:function:GitHubWebhookForwarder",
            "id": "AllowExecutionFromApiGateway",
            "principal": "apigateway.amazonaws.com",
            "qualifier": "",
            "source_account": null,
            "source_arn": "arn:aws:execute-api:us-east-1:217264062492:wo82bgsik0/*/*/*",
            "statement_id": "AllowExecutionFromApiGateway",
            "statement_id_prefix": null
          },
          "sensitive_attributes": [],
          "private": "bnVsbA==",
          "dependencies": [
            "aws_api_gateway_rest_api.api",
            "aws_iam_role.role",
            "aws_lambda_function.lambda"
          ]
        }
      ]
    }
  ]
}
